
Microsoft Visual Studio Solution File, Format Version 12.00
# Visual Studio Version 17
VisualStudioVersion = 17.2.32602.215
MinimumVisualStudioVersion = 10.0.40219.1
Project("{FAE04EC0-301F-11D3-BF4B-00C04F79EFBC}") = "DevIO.AppMvc", "src\DevIO.AppMvc\DevIO.AppMvc.csproj", "{9B31B924-BE2C-4AB2-A962-2FD1C49C5FD3}"
EndProject
Project("{FAE04EC0-301F-11D3-BF4B-00C04F79EFBC}") = "DevIO.Business", "src\DevIO.Business\DevIO.Business.csproj", "{D509E97B-8F28-460F-9545-4B1A60F885B7}"
EndProject
Project("{FAE04EC0-301F-11D3-BF4B-00C04F79EFBC}") = "DevIO.Infra", "src\DevIO.Infra\DevIO.Infra.csproj", "{04D40974-EF5D-4475-9168-DB953E1118CD}"
EndProject
Project("{2150E333-8FDC-42A3-9474-1A3956D46DE8}") = "Solution Items", "Solution Items", "{AB13D23D-C777-4971-91E4-01FBA485ECB3}"
	ProjectSection(SolutionItems) = preProject
		.editorconfig = .editorconfig
	EndProjectSection
EndProject
Global
	GlobalSection(SolutionConfigurationPlatforms) = preSolution
		Debug|Any CPU = Debug|Any CPU
		Release|Any CPU = Release|Any CPU
	EndGlobalSection
	GlobalSection(ProjectConfigurationPlatforms) = postSolution
		{9B31B924-BE2C-4AB2-A962-2FD1C49C5FD3}.Debug|Any CPU.ActiveCfg = Debug|Any CPU
		{9B31B924-BE2C-4AB2-A962-2FD1C49C5FD3}.Debug|Any CPU.Build.0 = Debug|Any CPU
		{9B31B924-BE2C-4AB2-A962-2FD1C49C5FD3}.Release|Any CPU.ActiveCfg = Release|Any CPU
		{9B31B924-BE2C-4AB2-A962-2FD1C49C5FD3}.Release|Any CPU.Build.0 = Release|Any CPU
		{D509E97B-8F28-460F-9545-4B1A60F885B7}.Debug|Any CPU.ActiveCfg = Debug|Any CPU
		{D509E97B-8F28-460F-9545-4B1A60F885B7}.Debug|Any CPU.Build.0 = Debug|Any CPU
		{D509E97B-8F28-460F-9545-4B1A60F885B7}.Release|Any CPU.ActiveCfg = Release|Any CPU
		{D509E97B-8F28-460F-9545-4B1A60F885B7}.Release|Any CPU.Build.0 = Release|Any CPU
		{04D40974-EF5D-4475-9168-DB953E1118CD}.Debug|Any CPU.ActiveCfg = Debug|Any CPU
		{04D40974-EF5D-4475-9168-DB953E1118CD}.Debug|Any CPU.Build.0 = Debug|Any CPU
		{04D40974-EF5D-4475-9168-DB953E1118CD}.Release|Any CPU.ActiveCfg = Release|Any CPU
		{04D40974-EF5D-4475-9168-DB953E1118CD}.Release|Any CPU.Build.0 = Release|Any CPU
	EndGlobalSection
	GlobalSection(SolutionProperties) = preSolution
		HideSolutionNode = FALSE
	EndGlobalSection
	GlobalSection(ExtensibilityGlobals) = postSolution
		SolutionGuid = {E0E5EF82-FFEB-4FBD-9FF5-F16B069797FD}
	EndGlobalSection
EndGlobal
